// !$*UTF8*$!
{
	archiveVersion = 1;
	classes = {
	};
	objectVersion = 46;
	objects = {

/* Begin PBXBuildFile section */
		A5423470C99F14840D6B444A /* libPods.a in Frameworks */ = {isa = PBXBuildFile; fileRef = 6E3768AF13B383B1EBD8D2F2 /* libPods.a */; };
		BA057E5519D8F90700C5C8AD /* User.swift in Sources */ = {isa = PBXBuildFile; fileRef = BA057E5419D8F90700C5C8AD /* User.swift */; };
		BA057E5819D8F9CC00C5C8AD /* Tweet.swift in Sources */ = {isa = PBXBuildFile; fileRef = BA057E5719D8F9CC00C5C8AD /* Tweet.swift */; };
		BA057E5A19D8FE8000C5C8AD /* TweetsTableViewController.swift in Sources */ = {isa = PBXBuildFile; fileRef = BA057E5919D8FE8000C5C8AD /* TweetsTableViewController.swift */; };
		BA057E5C19D9230100C5C8AD /* TweetTableViewCell.swift in Sources */ = {isa = PBXBuildFile; fileRef = BA057E5B19D9230100C5C8AD /* TweetTableViewCell.swift */; };
		BA057E5E19D9EFE200C5C8AD /* DetailedTweetViewController.swift in Sources */ = {isa = PBXBuildFile; fileRef = BA057E5D19D9EFE200C5C8AD /* DetailedTweetViewController.swift */; };
		BA057E6019D9EFF200C5C8AD /* NewTweetViewController.swift in Sources */ = {isa = PBXBuildFile; fileRef = BA057E5F19D9EFF200C5C8AD /* NewTweetViewController.swift */; };
		BA057E6A19DA8BCF00C5C8AD /* favorite_hover.png in Resources */ = {isa = PBXBuildFile; fileRef = BA057E6119DA8BCF00C5C8AD /* favorite_hover.png */; };
		BA057E6B19DA8BCF00C5C8AD /* favorite_on.png in Resources */ = {isa = PBXBuildFile; fileRef = BA057E6219DA8BCF00C5C8AD /* favorite_on.png */; };
		BA057E6C19DA8BCF00C5C8AD /* favorite.png in Resources */ = {isa = PBXBuildFile; fileRef = BA057E6319DA8BCF00C5C8AD /* favorite.png */; };
		BA057E6D19DA8BCF00C5C8AD /* reply_hover.png in Resources */ = {isa = PBXBuildFile; fileRef = BA057E6419DA8BCF00C5C8AD /* reply_hover.png */; };
		BA057E6E19DA8BCF00C5C8AD /* reply.png in Resources */ = {isa = PBXBuildFile; fileRef = BA057E6519DA8BCF00C5C8AD /* reply.png */; };
		BA057E6F19DA8BCF00C5C8AD /* retweet_hover.png in Resources */ = {isa = PBXBuildFile; fileRef = BA057E6619DA8BCF00C5C8AD /* retweet_hover.png */; };
		BA057E7019DA8BCF00C5C8AD /* retweet_on.png in Resources */ = {isa = PBXBuildFile; fileRef = BA057E6719DA8BCF00C5C8AD /* retweet_on.png */; };
		BA057E7119DA8BCF00C5C8AD /* retweet.png in Resources */ = {isa = PBXBuildFile; fileRef = BA057E6819DA8BCF00C5C8AD /* retweet.png */; };
		BA057E7219DA8BCF00C5C8AD /* sign-in-with-twitter-gray.png in Resources */ = {isa = PBXBuildFile; fileRef = BA057E6919DA8BCF00C5C8AD /* sign-in-with-twitter-gray.png */; };
		BA057E7519DA8D5B00C5C8AD /* twitter_blue_background.jpeg in Resources */ = {isa = PBXBuildFile; fileRef = BA057E7419DA8D5B00C5C8AD /* twitter_blue_background.jpeg */; };
		BA7AC34A19E0ED4500040159 /* LeftSlideMenuViewController.swift in Sources */ = {isa = PBXBuildFile; fileRef = BA7AC34919E0ED4500040159 /* LeftSlideMenuViewController.swift */; };
		BA7AC34C19E0F58F00040159 /* HomeViewController.swift in Sources */ = {isa = PBXBuildFile; fileRef = BA7AC34B19E0F58F00040159 /* HomeViewController.swift */; };
		BA7AC34E19E0FED700040159 /* leftMenuSegue.swift in Sources */ = {isa = PBXBuildFile; fileRef = BA7AC34D19E0FED700040159 /* leftMenuSegue.swift */; };
		BA97F58419D8E07E0081A70B /* AppDelegate.swift in Sources */ = {isa = PBXBuildFile; fileRef = BA97F58319D8E07E0081A70B /* AppDelegate.swift */; };
		BA97F58619D8E07E0081A70B /* LoginViewController.swift in Sources */ = {isa = PBXBuildFile; fileRef = BA97F58519D8E07E0081A70B /* LoginViewController.swift */; };
		BA97F58919D8E07E0081A70B /* Main.storyboard in Resources */ = {isa = PBXBuildFile; fileRef = BA97F58719D8E07E0081A70B /* Main.storyboard */; };
		BA97F58B19D8E07E0081A70B /* Images.xcassets in Resources */ = {isa = PBXBuildFile; fileRef = BA97F58A19D8E07E0081A70B /* Images.xcassets */; };
		BA97F58E19D8E07E0081A70B /* LaunchScreen.xib in Resources */ = {isa = PBXBuildFile; fileRef = BA97F58C19D8E07E0081A70B /* LaunchScreen.xib */; };
		BA97F59A19D8E07E0081A70B /* TwitterTests.swift in Sources */ = {isa = PBXBuildFile; fileRef = BA97F59919D8E07E0081A70B /* TwitterTests.swift */; };
		BA97F5A719D8E25D0081A70B /* TwitterClient.swift in Sources */ = {isa = PBXBuildFile; fileRef = BA97F5A619D8E25D0081A70B /* TwitterClient.swift */; };
		BAAE46DB19E3BB0000FE8BD8 /* ContentViewController.swift in Sources */ = {isa = PBXBuildFile; fileRef = BAAE46DA19E3BB0000FE8BD8 /* ContentViewController.swift */; };
		BAAE46DD19E3C2C900FE8BD8 /* leftMenuCell.swift in Sources */ = {isa = PBXBuildFile; fileRef = BAAE46DC19E3C2C900FE8BD8 /* leftMenuCell.swift */; };
/* End PBXBuildFile section */

/* Begin PBXContainerItemProxy section */
		BA97F59419D8E07E0081A70B /* PBXContainerItemProxy */ = {
			isa = PBXContainerItemProxy;
			containerPortal = BA97F57619D8E07E0081A70B /* Project object */;
			proxyType = 1;
			remoteGlobalIDString = BA97F57D19D8E07E0081A70B;
			remoteInfo = Twitter;
		};
/* End PBXContainerItemProxy section */

/* Begin PBXFileReference section */
		6E3768AF13B383B1EBD8D2F2 /* libPods.a */ = {isa = PBXFileReference; explicitFileType = archive.ar; includeInIndex = 0; path = libPods.a; sourceTree = BUILT_PRODUCTS_DIR; };
		BA057E5419D8F90700C5C8AD /* User.swift */ = {isa = PBXFileReference; fileEncoding = 4; lastKnownFileType = sourcecode.swift; path = User.swift; sourceTree = "<group>"; };
		BA057E5719D8F9CC00C5C8AD /* Tweet.swift */ = {isa = PBXFileReference; fileEncoding = 4; lastKnownFileType = sourcecode.swift; path = Tweet.swift; sourceTree = "<group>"; };
		BA057E5919D8FE8000C5C8AD /* TweetsTableViewController.swift */ = {isa = PBXFileReference; fileEncoding = 4; lastKnownFileType = sourcecode.swift; path = TweetsTableViewController.swift; sourceTree = "<group>"; };
		BA057E5B19D9230100C5C8AD /* TweetTableViewCell.swift */ = {isa = PBXFileReference; fileEncoding = 4; lastKnownFileType = sourcecode.swift; path = TweetTableViewCell.swift; sourceTree = "<group>"; };
		BA057E5D19D9EFE200C5C8AD /* DetailedTweetViewController.swift */ = {isa = PBXFileReference; fileEncoding = 4; lastKnownFileType = sourcecode.swift; path = DetailedTweetViewController.swift; sourceTree = "<group>"; };
		BA057E5F19D9EFF200C5C8AD /* NewTweetViewController.swift */ = {isa = PBXFileReference; fileEncoding = 4; lastKnownFileType = sourcecode.swift; path = NewTweetViewController.swift; sourceTree = "<group>"; };
		BA057E6119DA8BCF00C5C8AD /* favorite_hover.png */ = {isa = PBXFileReference; lastKnownFileType = image.png; path = favorite_hover.png; sourceTree = "<group>"; };
		BA057E6219DA8BCF00C5C8AD /* favorite_on.png */ = {isa = PBXFileReference; lastKnownFileType = image.png; path = favorite_on.png; sourceTree = "<group>"; };
		BA057E6319DA8BCF00C5C8AD /* favorite.png */ = {isa = PBXFileReference; lastKnownFileType = image.png; path = favorite.png; sourceTree = "<group>"; };
		BA057E6419DA8BCF00C5C8AD /* reply_hover.png */ = {isa = PBXFileReference; lastKnownFileType = image.png; path = reply_hover.png; sourceTree = "<group>"; };
		BA057E6519DA8BCF00C5C8AD /* reply.png */ = {isa = PBXFileReference; lastKnownFileType = image.png; path = reply.png; sourceTree = "<group>"; };
		BA057E6619DA8BCF00C5C8AD /* retweet_hover.png */ = {isa = PBXFileReference; lastKnownFileType = image.png; path = retweet_hover.png; sourceTree = "<group>"; };
		BA057E6719DA8BCF00C5C8AD /* retweet_on.png */ = {isa = PBXFileReference; lastKnownFileType = image.png; path = retweet_on.png; sourceTree = "<group>"; };
		BA057E6819DA8BCF00C5C8AD /* retweet.png */ = {isa = PBXFileReference; lastKnownFileType = image.png; path = retweet.png; sourceTree = "<group>"; };
		BA057E6919DA8BCF00C5C8AD /* sign-in-with-twitter-gray.png */ = {isa = PBXFileReference; lastKnownFileType = image.png; path = "sign-in-with-twitter-gray.png"; sourceTree = "<group>"; };
		BA057E7419DA8D5B00C5C8AD /* twitter_blue_background.jpeg */ = {isa = PBXFileReference; lastKnownFileType = image.jpeg; path = twitter_blue_background.jpeg; sourceTree = "<group>"; };
		BA7AC34919E0ED4500040159 /* LeftSlideMenuViewController.swift */ = {isa = PBXFileReference; fileEncoding = 4; lastKnownFileType = sourcecode.swift; path = LeftSlideMenuViewController.swift; sourceTree = "<group>"; };
		BA7AC34B19E0F58F00040159 /* HomeViewController.swift */ = {isa = PBXFileReference; fileEncoding = 4; lastKnownFileType = sourcecode.swift; path = HomeViewController.swift; sourceTree = "<group>"; };
		BA7AC34D19E0FED700040159 /* leftMenuSegue.swift */ = {isa = PBXFileReference; fileEncoding = 4; lastKnownFileType = sourcecode.swift; path = leftMenuSegue.swift; sourceTree = "<group>"; };
		BA97F57E19D8E07E0081A70B /* Twitter.app */ = {isa = PBXFileReference; explicitFileType = wrapper.application; includeInIndex = 0; path = Twitter.app; sourceTree = BUILT_PRODUCTS_DIR; };
		BA97F58219D8E07E0081A70B /* Info.plist */ = {isa = PBXFileReference; lastKnownFileType = text.plist.xml; path = Info.plist; sourceTree = "<group>"; };
		BA97F58319D8E07E0081A70B /* AppDelegate.swift */ = {isa = PBXFileReference; lastKnownFileType = sourcecode.swift; path = AppDelegate.swift; sourceTree = "<group>"; };
		BA97F58519D8E07E0081A70B /* LoginViewController.swift */ = {isa = PBXFileReference; lastKnownFileType = sourcecode.swift; path = LoginViewController.swift; sourceTree = "<group>"; };
		BA97F58819D8E07E0081A70B /* Base */ = {isa = PBXFileReference; lastKnownFileType = file.storyboard; name = Base; path = Base.lproj/Main.storyboard; sourceTree = "<group>"; };
		BA97F58A19D8E07E0081A70B /* Images.xcassets */ = {isa = PBXFileReference; lastKnownFileType = folder.assetcatalog; path = Images.xcassets; sourceTree = "<group>"; };
		BA97F58D19D8E07E0081A70B /* Base */ = {isa = PBXFileReference; lastKnownFileType = file.xib; name = Base; path = Base.lproj/LaunchScreen.xib; sourceTree = "<group>"; };
		BA97F59319D8E07E0081A70B /* TwitterTests.xctest */ = {isa = PBXFileReference; explicitFileType = wrapper.cfbundle; includeInIndex = 0; path = TwitterTests.xctest; sourceTree = BUILT_PRODUCTS_DIR; };
		BA97F59819D8E07E0081A70B /* Info.plist */ = {isa = PBXFileReference; lastKnownFileType = text.plist.xml; path = Info.plist; sourceTree = "<group>"; };
		BA97F59919D8E07E0081A70B /* TwitterTests.swift */ = {isa = PBXFileReference; lastKnownFileType = sourcecode.swift; path = TwitterTests.swift; sourceTree = "<group>"; };
		BA97F5A319D8E1820081A70B /* Twitter-Bridging-Header.h */ = {isa = PBXFileReference; lastKnownFileType = sourcecode.c.h; path = "Twitter-Bridging-Header.h"; sourceTree = "<group>"; };
		BA97F5A619D8E25D0081A70B /* TwitterClient.swift */ = {isa = PBXFileReference; fileEncoding = 4; lastKnownFileType = sourcecode.swift; path = TwitterClient.swift; sourceTree = "<group>"; };
		BAAE46DA19E3BB0000FE8BD8 /* ContentViewController.swift */ = {isa = PBXFileReference; fileEncoding = 4; lastKnownFileType = sourcecode.swift; path = ContentViewController.swift; sourceTree = "<group>"; };
		BAAE46DC19E3C2C900FE8BD8 /* leftMenuCell.swift */ = {isa = PBXFileReference; fileEncoding = 4; lastKnownFileType = sourcecode.swift; path = leftMenuCell.swift; sourceTree = "<group>"; };
		CCAD39094FAAA6D8AB8010FF /* Pods.debug.xcconfig */ = {isa = PBXFileReference; includeInIndex = 1; lastKnownFileType = text.xcconfig; name = Pods.debug.xcconfig; path = "Pods/Target Support Files/Pods/Pods.debug.xcconfig"; sourceTree = "<group>"; };
		DB1208475B94E66ECEAF5395 /* Pods.release.xcconfig */ = {isa = PBXFileReference; includeInIndex = 1; lastKnownFileType = text.xcconfig; name = Pods.release.xcconfig; path = "Pods/Target Support Files/Pods/Pods.release.xcconfig"; sourceTree = "<group>"; };
/* End PBXFileReference section */

/* Begin PBXFrameworksBuildPhase section */
		BA97F57B19D8E07E0081A70B /* Frameworks */ = {
			isa = PBXFrameworksBuildPhase;
			buildActionMask = 2147483647;
			files = (
				A5423470C99F14840D6B444A /* libPods.a in Frameworks */,
			);
			runOnlyForDeploymentPostprocessing = 0;
		};
		BA97F59019D8E07E0081A70B /* Frameworks */ = {
			isa = PBXFrameworksBuildPhase;
			buildActionMask = 2147483647;
			files = (
			);
			runOnlyForDeploymentPostprocessing = 0;
		};
/* End PBXFrameworksBuildPhase section */

/* Begin PBXGroup section */
		3A956FDA2BAF839D602763AA /* Pods */ = {
			isa = PBXGroup;
			children = (
				CCAD39094FAAA6D8AB8010FF /* Pods.debug.xcconfig */,
				DB1208475B94E66ECEAF5395 /* Pods.release.xcconfig */,
			);
			name = Pods;
			sourceTree = "<group>";
		};
		5D09EBA6A3C23F7DDC100919 /* Frameworks */ = {
			isa = PBXGroup;
			children = (
				6E3768AF13B383B1EBD8D2F2 /* libPods.a */,
			);
			name = Frameworks;
			sourceTree = "<group>";
		};
		BA057E5619D8F9B600C5C8AD /* Models */ = {
			isa = PBXGroup;
			children = (
				BA057E5419D8F90700C5C8AD /* User.swift */,
				BA057E5719D8F9CC00C5C8AD /* Tweet.swift */,
			);
			name = Models;
			sourceTree = "<group>";
		};
		BA057E7319DA8BD800C5C8AD /* Assets */ = {
			isa = PBXGroup;
			children = (
				BA057E7419DA8D5B00C5C8AD /* twitter_blue_background.jpeg */,
				BA057E6119DA8BCF00C5C8AD /* favorite_hover.png */,
				BA057E6219DA8BCF00C5C8AD /* favorite_on.png */,
				BA057E6319DA8BCF00C5C8AD /* favorite.png */,
				BA057E6419DA8BCF00C5C8AD /* reply_hover.png */,
				BA057E6519DA8BCF00C5C8AD /* reply.png */,
				BA057E6619DA8BCF00C5C8AD /* retweet_hover.png */,
				BA057E6719DA8BCF00C5C8AD /* retweet_on.png */,
				BA057E6819DA8BCF00C5C8AD /* retweet.png */,
				BA057E6919DA8BCF00C5C8AD /* sign-in-with-twitter-gray.png */,
			);
			name = Assets;
			path = ..;
			sourceTree = "<group>";
		};
		BA97F57519D8E07E0081A70B = {
			isa = PBXGroup;
			children = (
				BA97F58019D8E07E0081A70B /* Twitter */,
				BA97F59619D8E07E0081A70B /* TwitterTests */,
				BA97F57F19D8E07E0081A70B /* Products */,
				BA97F5A319D8E1820081A70B /* Twitter-Bridging-Header.h */,
				3A956FDA2BAF839D602763AA /* Pods */,
				5D09EBA6A3C23F7DDC100919 /* Frameworks */,
			);
			sourceTree = "<group>";
		};
		BA97F57F19D8E07E0081A70B /* Products */ = {
			isa = PBXGroup;
			children = (
				BA97F57E19D8E07E0081A70B /* Twitter.app */,
				BA97F59319D8E07E0081A70B /* TwitterTests.xctest */,
			);
			name = Products;
			sourceTree = "<group>";
		};
		BA97F58019D8E07E0081A70B /* Twitter */ = {
			isa = PBXGroup;
			children = (
				BA057E7319DA8BD800C5C8AD /* Assets */,
				BA057E5619D8F9B600C5C8AD /* Models */,
				BA97F58319D8E07E0081A70B /* AppDelegate.swift */,
				BA97F58519D8E07E0081A70B /* LoginViewController.swift */,
				BA97F58719D8E07E0081A70B /* Main.storyboard */,
				BA97F58A19D8E07E0081A70B /* Images.xcassets */,
				BA97F58C19D8E07E0081A70B /* LaunchScreen.xib */,
				BA97F58119D8E07E0081A70B /* Supporting Files */,
				BA97F5A619D8E25D0081A70B /* TwitterClient.swift */,
				BA057E5919D8FE8000C5C8AD /* TweetsTableViewController.swift */,
				BA057E5B19D9230100C5C8AD /* TweetTableViewCell.swift */,
				BA057E5D19D9EFE200C5C8AD /* DetailedTweetViewController.swift */,
				BA057E5F19D9EFF200C5C8AD /* NewTweetViewController.swift */,
				BA7AC34919E0ED4500040159 /* LeftSlideMenuViewController.swift */,
				BA7AC34B19E0F58F00040159 /* HomeViewController.swift */,
				BA7AC34D19E0FED700040159 /* leftMenuSegue.swift */,
				BAAE46DA19E3BB0000FE8BD8 /* ContentViewController.swift */,
				BAAE46DC19E3C2C900FE8BD8 /* leftMenuCell.swift */,
			);
			path = Twitter;
			sourceTree = "<group>";
		};
		BA97F58119D8E07E0081A70B /* Supporting Files */ = {
			isa = PBXGroup;
			children = (
				BA97F58219D8E07E0081A70B /* Info.plist */,
			);
			name = "Supporting Files";
			sourceTree = "<group>";
		};
		BA97F59619D8E07E0081A70B /* TwitterTests */ = {
			isa = PBXGroup;
			children = (
				BA97F59919D8E07E0081A70B /* TwitterTests.swift */,
				BA97F59719D8E07E0081A70B /* Supporting Files */,
			);
			path = TwitterTests;
			sourceTree = "<group>";
		};
		BA97F59719D8E07E0081A70B /* Supporting Files */ = {
			isa = PBXGroup;
			children = (
				BA97F59819D8E07E0081A70B /* Info.plist */,
			);
			name = "Supporting Files";
			sourceTree = "<group>";
		};
/* End PBXGroup section */

/* Begin PBXNativeTarget section */
		BA97F57D19D8E07E0081A70B /* Twitter */ = {
			isa = PBXNativeTarget;
			buildConfigurationList = BA97F59D19D8E07E0081A70B /* Build configuration list for PBXNativeTarget "Twitter" */;
			buildPhases = (
				14C38C44839251D0F878FF17 /* Check Pods Manifest.lock */,
				BA97F57A19D8E07E0081A70B /* Sources */,
				BA97F57B19D8E07E0081A70B /* Frameworks */,
				BA97F57C19D8E07E0081A70B /* Resources */,
				EC811A940BB454A1AFF5C845 /* Copy Pods Resources */,
			);
			buildRules = (
			);
			dependencies = (
			);
			name = Twitter;
			productName = Twitter;
			productReference = BA97F57E19D8E07E0081A70B /* Twitter.app */;
			productType = "com.apple.product-type.application";
		};
		BA97F59219D8E07E0081A70B /* TwitterTests */ = {
			isa = PBXNativeTarget;
			buildConfigurationList = BA97F5A019D8E07E0081A70B /* Build configuration list for PBXNativeTarget "TwitterTests" */;
			buildPhases = (
				BA97F58F19D8E07E0081A70B /* Sources */,
				BA97F59019D8E07E0081A70B /* Frameworks */,
				BA97F59119D8E07E0081A70B /* Resources */,
			);
			buildRules = (
			);
			dependencies = (
				BA97F59519D8E07E0081A70B /* PBXTargetDependency */,
			);
			name = TwitterTests;
			productName = TwitterTests;
			productReference = BA97F59319D8E07E0081A70B /* TwitterTests.xctest */;
			productType = "com.apple.product-type.bundle.unit-test";
		};
/* End PBXNativeTarget section */

/* Begin PBXProject section */
		BA97F57619D8E07E0081A70B /* Project object */ = {
			isa = PBXProject;
			attributes = {
				LastUpgradeCheck = 0600;
				ORGANIZATIONNAME = isai;
				TargetAttributes = {
					BA97F57D19D8E07E0081A70B = {
						CreatedOnToolsVersion = 6.0;
					};
					BA97F59219D8E07E0081A70B = {
						CreatedOnToolsVersion = 6.0;
						TestTargetID = BA97F57D19D8E07E0081A70B;
					};
				};
			};
			buildConfigurationList = BA97F57919D8E07E0081A70B /* Build configuration list for PBXProject "Twitter" */;
			compatibilityVersion = "Xcode 3.2";
			developmentRegion = English;
			hasScannedForEncodings = 0;
			knownRegions = (
				en,
				Base,
			);
			mainGroup = BA97F57519D8E07E0081A70B;
			productRefGroup = BA97F57F19D8E07E0081A70B /* Products */;
			projectDirPath = "";
			projectRoot = "";
			targets = (
				BA97F57D19D8E07E0081A70B /* Twitter */,
				BA97F59219D8E07E0081A70B /* TwitterTests */,
			);
		};
/* End PBXProject section */

/* Begin PBXResourcesBuildPhase section */
		BA97F57C19D8E07E0081A70B /* Resources */ = {
			isa = PBXResourcesBuildPhase;
			buildActionMask = 2147483647;
			files = (
				BA057E6E19DA8BCF00C5C8AD /* reply.png in Resources */,
				BA057E6F19DA8BCF00C5C8AD /* retweet_hover.png in Resources */,
				BA057E6A19DA8BCF00C5C8AD /* favorite_hover.png in Resources */,
				BA057E7519DA8D5B00C5C8AD /* twitter_blue_background.jpeg in Resources */,
				BA057E6C19DA8BCF00C5C8AD /* favorite.png in Resources */,
				BA97F58919D8E07E0081A70B /* Main.storyboard in Resources */,
				BA97F58E19D8E07E0081A70B /* LaunchScreen.xib in Resources */,
				BA97F58B19D8E07E0081A70B /* Images.xcassets in Resources */,
				BA057E7119DA8BCF00C5C8AD /* retweet.png in Resources */,
				BA057E6B19DA8BCF00C5C8AD /* favorite_on.png in Resources */,
				BA057E6D19DA8BCF00C5C8AD /* reply_hover.png in Resources */,
				BA057E7219DA8BCF00C5C8AD /* sign-in-with-twitter-gray.png in Resources */,
				BA057E7019DA8BCF00C5C8AD /* retweet_on.png in Resources */,
			);
			runOnlyForDeploymentPostprocessing = 0;
		};
		BA97F59119D8E07E0081A70B /* Resources */ = {
			isa = PBXResourcesBuildPhase;
			buildActionMask = 2147483647;
			files = (
			);
			runOnlyForDeploymentPostprocessing = 0;
		};
/* End PBXResourcesBuildPhase section */

/* Begin PBXShellScriptBuildPhase section */
		14C38C44839251D0F878FF17 /* Check Pods Manifest.lock */ = {
			isa = PBXShellScriptBuildPhase;
			buildActionMask = 2147483647;
			files = (
			);
			inputPaths = (
			);
			name = "Check Pods Manifest.lock";
			outputPaths = (
			);
			runOnlyForDeploymentPostprocessing = 0;
			shellPath = /bin/sh;
			shellScript = "diff \"${PODS_ROOT}/../Podfile.lock\" \"${PODS_ROOT}/Manifest.lock\" > /dev/null\nif [[ $? != 0 ]] ; then\n    cat << EOM\nerror: The sandbox is not in sync with the Podfile.lock. Run 'pod install' or update your CocoaPods installation.\nEOM\n    exit 1\nfi\n";
			showEnvVarsInLog = 0;
		};
		EC811A940BB454A1AFF5C845 /* Copy Pods Resources */ = {
			isa = PBXShellScriptBuildPhase;
			buildActionMask = 2147483647;
			files = (
			);
			inputPaths = (
			);
			name = "Copy Pods Resources";
			outputPaths = (
			);
			runOnlyForDeploymentPostprocessing = 0;
			shellPath = /bin/sh;
			shellScript = "\"${SRCROOT}/Pods/Target Support Files/Pods/Pods-resources.sh\"\n";
			showEnvVarsInLog = 0;
		};
/* End PBXShellScriptBuildPhase section */

/* Begin PBXSourcesBuildPhase section */
		BA97F57A19D8E07E0081A70B /* Sources */ = {
			isa = PBXSourcesBuildPhase;
			buildActionMask = 2147483647;
			files = (
				BA057E5E19D9EFE200C5C8AD /* DetailedTweetViewController.swift in Sources */,
				BA057E5519D8F90700C5C8AD /* User.swift in Sources */,
				BA7AC34A19E0ED4500040159 /* LeftSlideMenuViewController.swift in Sources */,
				BAAE46DB19E3BB0000FE8BD8 /* ContentViewController.swift in Sources */,
				BA057E5A19D8FE8000C5C8AD /* TweetsTableViewController.swift in Sources */,
				BA057E5819D8F9CC00C5C8AD /* Tweet.swift in Sources */,
				BA97F5A719D8E25D0081A70B /* TwitterClient.swift in Sources */,
				BA97F58619D8E07E0081A70B /* LoginViewController.swift in Sources */,
				BA7AC34C19E0F58F00040159 /* HomeViewController.swift in Sources */,
				BA97F58419D8E07E0081A70B /* AppDelegate.swift in Sources */,
				BA057E6019D9EFF200C5C8AD /* NewTweetViewController.swift in Sources */,
				BA057E5C19D9230100C5C8AD /* TweetTableViewCell.swift in Sources */,
				BA7AC34E19E0FED700040159 /* leftMenuSegue.swift in Sources */,
				BAAE46DD19E3C2C900FE8BD8 /* leftMenuCell.swift in Sources */,
			);
			runOnlyForDeploymentPostprocessing = 0;
		};
		BA97F58F19D8E07E0081A70B /* Sources */ = {
			isa = PBXSourcesBuildPhase;
			buildActionMask = 2147483647;
			files = (
				BA97F59A19D8E07E0081A70B /* TwitterTests.swift in Sources */,
			);
			runOnlyForDeploymentPostprocessing = 0;
		};
/* End PBXSourcesBuildPhase section */

/* Begin PBXTargetDependency section */
		BA97F59519D8E07E0081A70B /* PBXTargetDependency */ = {
			isa = PBXTargetDependency;
			target = BA97F57D19D8E07E0081A70B /* Twitter */;
			targetProxy = BA97F59419D8E07E0081A70B /* PBXContainerItemProxy */;
		};
/* End PBXTargetDependency section */

/* Begin PBXVariantGroup section */
		BA97F58719D8E07E0081A70B /* Main.storyboard */ = {
			isa = PBXVariantGroup;
			children = (
				BA97F58819D8E07E0081A70B /* Base */,
			);
			name = Main.storyboard;
			sourceTree = "<group>";
		};
		BA97F58C19D8E07E0081A70B /* LaunchScreen.xib */ = {
			isa = PBXVariantGroup;
			children = (
				BA97F58D19D8E07E0081A70B /* Base */,
			);
			name = LaunchScreen.xib;
			sourceTree = "<group>";
		};
/* End PBXVariantGroup section */

/* Begin XCBuildConfiguration section */
		BA97F59B19D8E07E0081A70B /* Debug */ = {
			isa = XCBuildConfiguration;
			buildSettings = {
				ALWAYS_SEARCH_USER_PATHS = NO;
				CLANG_CXX_LANGUAGE_STANDARD = "gnu++0x";
				CLANG_CXX_LIBRARY = "libc++";
				CLANG_ENABLE_MODULES = YES;
				CLANG_ENABLE_OBJC_ARC = YES;
				CLANG_WARN_BOOL_CONVERSION = YES;
				CLANG_WARN_CONSTANT_CONVERSION = YES;
				CLANG_WARN_DIRECT_OBJC_ISA_USAGE = YES_ERROR;
				CLANG_WARN_EMPTY_BODY = YES;
				CLANG_WARN_ENUM_CONVERSION = YES;
				CLANG_WARN_INT_CONVERSION = YES;
				CLANG_WARN_OBJC_ROOT_CLASS = YES_ERROR;
				CLANG_WARN_UNREACHABLE_CODE = YES;
				CLANG_WARN__DUPLICATE_METHOD_MATCH = YES;
				"CODE_SIGN_IDENTITY[sdk=iphoneos*]" = "iPhone Developer";
				COPY_PHASE_STRIP = NO;
				ENABLE_STRICT_OBJC_MSGSEND = YES;
				GCC_C_LANGUAGE_STANDARD = gnu99;
				GCC_DYNAMIC_NO_PIC = NO;
				GCC_OPTIMIZATION_LEVEL = 0;
				GCC_PREPROCESSOR_DEFINITIONS = (
					"DEBUG=1",
					"$(inherited)",
				);
				GCC_SYMBOLS_PRIVATE_EXTERN = NO;
				GCC_WARN_64_TO_32_BIT_CONVERSION = YES;
				GCC_WARN_ABOUT_RETURN_TYPE = YES_ERROR;
				GCC_WARN_UNDECLARED_SELECTOR = YES;
				GCC_WARN_UNINITIALIZED_AUTOS = YES_AGGRESSIVE;
				GCC_WARN_UNUSED_FUNCTION = YES;
				GCC_WARN_UNUSED_VARIABLE = YES;
				IPHONEOS_DEPLOYMENT_TARGET = 8.0;
				MTL_ENABLE_DEBUG_INFO = YES;
				ONLY_ACTIVE_ARCH = YES;
				SDKROOT = iphoneos;
				SWIFT_OPTIMIZATION_LEVEL = "-Onone";
			};
			name = Debug;
		};
		BA97F59C19D8E07E0081A70B /* Release */ = {
			isa = XCBuildConfiguration;
			buildSettings = {
				ALWAYS_SEARCH_USER_PATHS = NO;
				CLANG_CXX_LANGUAGE_STANDARD = "gnu++0x";
				CLANG_CXX_LIBRARY = "libc++";
				CLANG_ENABLE_MODULES = YES;
				CLANG_ENABLE_OBJC_ARC = YES;
				CLANG_WARN_BOOL_CONVERSION = YES;
				CLANG_WARN_CONSTANT_CONVERSION = YES;
				CLANG_WARN_DIRECT_OBJC_ISA_USAGE = YES_ERROR;
				CLANG_WARN_EMPTY_BODY = YES;
				CLANG_WARN_ENUM_CONVERSION = YES;
				CLANG_WARN_INT_CONVERSION = YES;
				CLANG_WARN_OBJC_ROOT_CLASS = YES_ERROR;
				CLANG_WARN_UNREACHABLE_CODE = YES;
				CLANG_WARN__DUPLICATE_METHOD_MATCH = YES;
				"CODE_SIGN_IDENTITY[sdk=iphoneos*]" = "iPhone Developer";
				COPY_PHASE_STRIP = YES;
				ENABLE_NS_ASSERTIONS = NO;
				ENABLE_STRICT_OBJC_MSGSEND = YES;
				GCC_C_LANGUAGE_STANDARD = gnu99;
				GCC_WARN_64_TO_32_BIT_CONVERSION = YES;
				GCC_WARN_ABOUT_RETURN_TYPE = YES_ERROR;
				GCC_WARN_UNDECLARED_SELECTOR = YES;
				GCC_WARN_UNINITIALIZED_AUTOS = YES_AGGRESSIVE;
				GCC_WARN_UNUSED_FUNCTION = YES;
				GCC_WARN_UNUSED_VARIABLE = YES;
				IPHONEOS_DEPLOYMENT_TARGET = 8.0;
				MTL_ENABLE_DEBUG_INFO = NO;
				SDKROOT = iphoneos;
				VALIDATE_PRODUCT = YES;
			};
			name = Release;
		};
		BA97F59E19D8E07E0081A70B /* Debug */ = {
			isa = XCBuildConfiguration;
			baseConfigurationReference = CCAD39094FAAA6D8AB8010FF /* Pods.debug.xcconfig */;
			buildSettings = {
				ASSETCATALOG_COMPILER_APPICON_NAME = AppIcon;
				CLANG_ENABLE_MODULES = YES;
				INFOPLIST_FILE = Twitter/Info.plist;
				IPHONEOS_DEPLOYMENT_TARGET = 7.0;
				LD_RUNPATH_SEARCH_PATHS = "$(inherited) @executable_path/Frameworks";
				PRODUCT_NAME = "$(TARGET_NAME)";
				SWIFT_OBJC_BRIDGING_HEADER = "Twitter-Bridging-Header.h";
				SWIFT_OPTIMIZATION_LEVEL = "-Onone";
			};
			name = Debug;
		};
		BA97F59F19D8E07E0081A70B /* Release */ = {
			isa = XCBuildConfiguration;
			baseConfigurationReference = DB1208475B94E66ECEAF5395 /* Pods.release.xcconfig */;
			buildSettings = {
				ASSETCATALOG_COMPILER_APPICON_NAME = AppIcon;
				CLANG_ENABLE_MODULES = YES;
				INFOPLIST_FILE = Twitter/Info.plist;
				IPHONEOS_DEPLOYMENT_TARGET = 7.0;
				LD_RUNPATH_SEARCH_PATHS = "$(inherited) @executable_path/Frameworks";
				PRODUCT_NAME = "$(TARGET_NAME)";
				SWIFT_OBJC_BRIDGING_HEADER = "Twitter-Bridging-Header.h";
			};
			name = Release;
		};
		BA97F5A119D8E07E0081A70B /* Debug */ = {
			isa = XCBuildConfiguration;
			buildSettings = {
				BUNDLE_LOADER = "$(TEST_HOST)";
				FRAMEWORK_SEARCH_PATHS = (
					"$(SDKROOT)/Developer/Library/Frameworks",
					"$(inherited)",
				);
				GCC_PREPROCESSOR_DEFINITIONS = (
					"DEBUG=1",
					"$(inherited)",
				);
				INFOPLIST_FILE = TwitterTests/Info.plist;
				LD_RUNPATH_SEARCH_PATHS = "$(inherited) @executable_path/Frameworks @loader_path/Frameworks";
				PRODUCT_NAME = "$(TARGET_NAME)";
				TEST_HOST = "$(BUILT_PRODUCTS_DIR)/Twitter.app/Twitter";
			};
			name = Debug;
		};
		BA97F5A219D8E07E0081A70B /* Release */ = {
			isa = XCBuildConfiguration;
			buildSettings = {
				BUNDLE_LOADER = "$(TEST_HOST)";
				FRAMEWORK_SEARCH_PATHS = (
					"$(SDKROOT)/Developer/Library/Frameworks",
					"$(inherited)",
				);
				INFOPLIST_FILE = TwitterTests/Info.plist;
				LD_RUNPATH_SEARCH_PATHS = "$(inherited) @executable_path/Frameworks @loader_path/Frameworks";
				PRODUCT_NAME = "$(TARGET_NAME)";
				TEST_HOST = "$(BUILT_PRODUCTS_DIR)/Twitter.app/Twitter";
			};
			name = Release;
		};
/* End XCBuildConfiguration section */

/* Begin XCConfigurationList section */
		BA97F57919D8E07E0081A70B /* Build configuration list for PBXProject "Twitter" */ = {
			isa = XCConfigurationList;
			buildConfigurations = (
				BA97F59B19D8E07E0081A70B /* Debug */,
				BA97F59C19D8E07E0081A70B /* Release */,
			);
			defaultConfigurationIsVisible = 0;
			defaultConfigurationName = Release;
		};
		BA97F59D19D8E07E0081A70B /* Build configuration list for PBXNativeTarget "Twitter" */ = {
			isa = XCConfigurationList;
			buildConfigurations = (
				BA97F59E19D8E07E0081A70B /* Debug */,
				BA97F59F19D8E07E0081A70B /* Release */,
			);
			defaultConfigurationIsVisible = 0;
			defaultConfigurationName = Release;
		};
		BA97F5A019D8E07E0081A70B /* Build configuration list for PBXNativeTarget "TwitterTests" */ = {
			isa = XCConfigurationList;
			buildConfigurations = (
				BA97F5A119D8E07E0081A70B /* Debug */,
				BA97F5A219D8E07E0081A70B /* Release */,
			);
			defaultConfigurationIsVisible = 0;
			defaultConfigurationName = Release;
		};
/* End XCConfigurationList section */
	};
	rootObject = BA97F57619D8E07E0081A70B /* Project object */;
}
